
Microsoft Visual Studio Solution File, Format Version 12.00
# Visual Studio Version 17
VisualStudioVersion = 17.1.32319.34
MinimumVisualStudioVersion = 10.0.40219.1
Project("{FAE04EC0-301F-11D3-BF4B-00C04F79EFBC}") = "MinimalAPI", "MinimalAPI\MinimalAPI.csproj", "{E5259E26-ED9E-48D1-BBE4-5471796C194A}"
EndProject
Global
	GlobalSection(SolutionConfigurationPlatforms) = preSolution
		Debug|Any CPU = Debug|Any CPU
		Release|Any CPU = Release|Any CPU
	EndGlobalSection
	GlobalSection(ProjectConfigurationPlatforms) = postSolution
		{E5259E26-ED9E-48D1-BBE4-5471796C194A}.Debug|Any CPU.ActiveCfg = Debug|Any CPU
		{E5259E26-ED9E-48D1-BBE4-5471796C194A}.Debug|Any CPU.Build.0 = Debug|Any CPU
		{E5259E26-ED9E-48D1-BBE4-5471796C194A}.Release|Any CPU.ActiveCfg = Release|Any CPU
		{E5259E26-ED9E-48D1-BBE4-5471796C194A}.Release|Any CPU.Build.0 = Release|Any CPU
	EndGlobalSection
	GlobalSection(SolutionProperties) = preSolution
		HideSolutionNode = FALSE
	EndGlobalSection
	GlobalSection(ExtensibilityGlobals) = postSolution
		SolutionGuid = {A12BF934-9050-4845-AD25-FDEB919351E1}
	EndGlobalSection
EndGlobal
